
Microsoft Visual Studio Solution File, Format Version 12.00
# Visual Studio Version 16
VisualStudioVersion = 16.0.30309.148
MinimumVisualStudioVersion = 10.0.40219.1
Project("{FAE04EC0-301F-11D3-BF4B-00C04F79EFBC}") = "WpfApp2", "WpfApp2\WpfApp2.csproj", "{64078D81-CD1E-4329-A0F3-985021329D8A}"
EndProject
Global
	GlobalSection(SolutionConfigurationPlatforms) = preSolution
		Debug|Any CPU = Debug|Any CPU
		Release|Any CPU = Release|Any CPU
	EndGlobalSection
	GlobalSection(ProjectConfigurationPlatforms) = postSolution
		{64078D81-CD1E-4329-A0F3-985021329D8A}.Debug|Any CPU.ActiveCfg = Debug|Any CPU
		{64078D81-CD1E-4329-A0F3-985021329D8A}.Debug|Any CPU.Build.0 = Debug|Any CPU
		{64078D81-CD1E-4329-A0F3-985021329D8A}.Release|Any CPU.ActiveCfg = Release|Any CPU
		{64078D81-CD1E-4329-A0F3-985021329D8A}.Release|Any CPU.Build.0 = Release|Any CPU
	EndGlobalSection
	GlobalSection(SolutionProperties) = preSolution
		HideSolutionNode = FALSE
	EndGlobalSection
	GlobalSection(ExtensibilityGlobals) = postSolution
		SolutionGuid = {F445E986-A442-4926-9A33-3F5EEBE8C685}
	EndGlobalSection
EndGlobal
